
Microsoft Visual Studio Solution File, Format Version 12.00
# Visual Studio 15
VisualStudioVersion = 15.0.28307.902
MinimumVisualStudioVersion = 10.0.40219.1
Project("{FAE04EC0-301F-11D3-BF4B-00C04F79EFBC}") = "SendSMSMessages", "SendSMSMessages\SendSMSMessages.csproj", "{B6605B12-3AB4-48EA-A986-B6D783C3553D}"
EndProject
Global
	GlobalSection(SolutionConfigurationPlatforms) = preSolution
		Debug|Any CPU = Debug|Any CPU
		Release|Any CPU = Release|Any CPU
	EndGlobalSection
	GlobalSection(ProjectConfigurationPlatforms) = postSolution
		{B6605B12-3AB4-48EA-A986-B6D783C3553D}.Debug|Any CPU.ActiveCfg = Debug|Any CPU
		{B6605B12-3AB4-48EA-A986-B6D783C3553D}.Debug|Any CPU.Build.0 = Debug|Any CPU
		{B6605B12-3AB4-48EA-A986-B6D783C3553D}.Release|Any CPU.ActiveCfg = Release|Any CPU
		{B6605B12-3AB4-48EA-A986-B6D783C3553D}.Release|Any CPU.Build.0 = Release|Any CPU
	EndGlobalSection
	GlobalSection(SolutionProperties) = preSolution
		HideSolutionNode = FALSE
	EndGlobalSection
	GlobalSection(ExtensibilityGlobals) = postSolution
		SolutionGuid = {D55C2651-39BC-41F8-854E-B763694102A0}
	EndGlobalSection
EndGlobal
